
Microsoft Visual Studio Solution File, Format Version 12.00
# Visual Studio Version 16
VisualStudioVersion = 16.0.29009.5
MinimumVisualStudioVersion = 10.0.40219.1
Project("{FAE04EC0-301F-11D3-BF4B-00C04F79EFBC}") = "ReferenceAndValueType", "ReferenceAndValueType\ReferenceAndValueType.csproj", "{F033E90D-AF0F-489C-B0F5-3E04876BC522}"
EndProject
Global
	GlobalSection(SolutionConfigurationPlatforms) = preSolution
		Debug|Any CPU = Debug|Any CPU
		Release|Any CPU = Release|Any CPU
	EndGlobalSection
	GlobalSection(ProjectConfigurationPlatforms) = postSolution
		{F033E90D-AF0F-489C-B0F5-3E04876BC522}.Debug|Any CPU.ActiveCfg = Debug|Any CPU
		{F033E90D-AF0F-489C-B0F5-3E04876BC522}.Debug|Any CPU.Build.0 = Debug|Any CPU
		{F033E90D-AF0F-489C-B0F5-3E04876BC522}.Release|Any CPU.ActiveCfg = Release|Any CPU
		{F033E90D-AF0F-489C-B0F5-3E04876BC522}.Release|Any CPU.Build.0 = Release|Any CPU
	EndGlobalSection
	GlobalSection(SolutionProperties) = preSolution
		HideSolutionNode = FALSE
	EndGlobalSection
	GlobalSection(ExtensibilityGlobals) = postSolution
		SolutionGuid = {AC349011-97FE-4D8F-AB0E-AB03566F2BFB}
	EndGlobalSection
EndGlobal
